
Microsoft Visual Studio Solution File, Format Version 12.00
# Visual Studio 15
VisualStudioVersion = 15.0.27019.1
MinimumVisualStudioVersion = 10.0.40219.1
Project("{9A19103F-16F7-4668-BE54-9A1E7A4F7556}") = "NSec.Cryptography", "src\Cryptography\NSec.Cryptography.csproj", "{839872CC-6AF4-456B-A55B-F82EE7B4822E}"
EndProject
Project("{9A19103F-16F7-4668-BE54-9A1E7A4F7556}") = "Tests", "tests\Tests.csproj", "{97BF2648-69D2-4A17-888F-2A13E5C5CB28}"
EndProject
Project("{2150E333-8FDC-42A3-9474-1A3956D46DE8}") = "NSec", "NSec", "{DF40D4F3-D18D-45F3-87DD-2A8378354B57}"
	ProjectSection(SolutionItems) = preProject
		.editorconfig = .editorconfig
		.gitattributes = .gitattributes
		.gitignore = .gitignore
		appveyor.yml = appveyor.yml
		circle.yml = circle.yml
		LICENSE = LICENSE
		NOTICE = NOTICE
		README.md = README.md
	EndProjectSection
EndProject
Project("{2150E333-8FDC-42A3-9474-1A3956D46DE8}") = "build", "build", "{99A04338-7321-4B8B-AA29-496C18328F90}"
	ProjectSection(SolutionItems) = preProject
		build\Dependencies.props = build\Dependencies.props
		build\InternalsVisibleTo.targets = build\InternalsVisibleTo.targets
		build\Package.props = build\Package.props
	EndProjectSection
EndProject
Project("{2150E333-8FDC-42A3-9474-1A3956D46DE8}") = "src", "src", "{D24568A9-54F1-48E0-88FF-2E067F9BDA95}"
	ProjectSection(SolutionItems) = preProject
		src\.editorconfig = src\.editorconfig
	EndProjectSection
EndProject
Global
	GlobalSection(SolutionConfigurationPlatforms) = preSolution
		Debug|Any CPU = Debug|Any CPU
		Release|Any CPU = Release|Any CPU
	EndGlobalSection
	GlobalSection(ProjectConfigurationPlatforms) = postSolution
		{839872CC-6AF4-456B-A55B-F82EE7B4822E}.Debug|Any CPU.ActiveCfg = Debug|Any CPU
		{839872CC-6AF4-456B-A55B-F82EE7B4822E}.Debug|Any CPU.Build.0 = Debug|Any CPU
		{839872CC-6AF4-456B-A55B-F82EE7B4822E}.Release|Any CPU.ActiveCfg = Release|Any CPU
		{839872CC-6AF4-456B-A55B-F82EE7B4822E}.Release|Any CPU.Build.0 = Release|Any CPU
		{97BF2648-69D2-4A17-888F-2A13E5C5CB28}.Debug|Any CPU.ActiveCfg = Debug|Any CPU
		{97BF2648-69D2-4A17-888F-2A13E5C5CB28}.Debug|Any CPU.Build.0 = Debug|Any CPU
		{97BF2648-69D2-4A17-888F-2A13E5C5CB28}.Release|Any CPU.ActiveCfg = Release|Any CPU
		{97BF2648-69D2-4A17-888F-2A13E5C5CB28}.Release|Any CPU.Build.0 = Release|Any CPU
	EndGlobalSection
	GlobalSection(SolutionProperties) = preSolution
		HideSolutionNode = FALSE
	EndGlobalSection
	GlobalSection(NestedProjects) = preSolution
		{99A04338-7321-4B8B-AA29-496C18328F90} = {DF40D4F3-D18D-45F3-87DD-2A8378354B57}
		{D24568A9-54F1-48E0-88FF-2E067F9BDA95} = {DF40D4F3-D18D-45F3-87DD-2A8378354B57}
	EndGlobalSection
	GlobalSection(ExtensibilityGlobals) = postSolution
		SolutionGuid = {ED81BE7D-A09F-4466-8138-E0F420A24568}
	EndGlobalSection
EndGlobal
