
Microsoft Visual Studio Solution File, Format Version 12.00
# Visual Studio 15
VisualStudioVersion = 15.0.26403.7
MinimumVisualStudioVersion = 10.0.40219.1
Project("{9A19103F-16F7-4668-BE54-9A1E7A4F7556}") = "Snippets", "src\Snippets.csproj", "{59217E4F-A2CB-4BD7-A63C-0A38E6225E6D}"
EndProject
Project("{2150E333-8FDC-42A3-9474-1A3956D46DE8}") = "Solution Items", "Solution Items", "{FBFEA3F2-1CBB-4FBD-891C-9725DD17584B}"
	ProjectSection(SolutionItems) = preProject
		.editorconfig = .editorconfig
		.gitattributes = .gitattributes
		.gitignore = .gitignore
	EndProjectSection
EndProject
Global
	GlobalSection(SolutionConfigurationPlatforms) = preSolution
		Debug|Any CPU = Debug|Any CPU
		Release|Any CPU = Release|Any CPU
	EndGlobalSection
	GlobalSection(ProjectConfigurationPlatforms) = postSolution
		{59217E4F-A2CB-4BD7-A63C-0A38E6225E6D}.Debug|Any CPU.ActiveCfg = Debug|Any CPU
		{59217E4F-A2CB-4BD7-A63C-0A38E6225E6D}.Debug|Any CPU.Build.0 = Debug|Any CPU
		{59217E4F-A2CB-4BD7-A63C-0A38E6225E6D}.Release|Any CPU.ActiveCfg = Release|Any CPU
		{59217E4F-A2CB-4BD7-A63C-0A38E6225E6D}.Release|Any CPU.Build.0 = Release|Any CPU
	EndGlobalSection
	GlobalSection(SolutionProperties) = preSolution
		HideSolutionNode = FALSE
	EndGlobalSection
EndGlobal
