
Microsoft Visual Studio Solution File, Format Version 12.00
# Visual Studio 15
VisualStudioVersion = 15.0.27130.2036
MinimumVisualStudioVersion = 10.0.40219.1
Project("{9A19103F-16F7-4668-BE54-9A1E7A4F7556}") = "Examples", "Examples.csproj", "{9F76AD81-2475-4099-84A1-BF5B18AD967F}"
EndProject
Global
	GlobalSection(SolutionConfigurationPlatforms) = preSolution
		Debug|Any CPU = Debug|Any CPU
		Release|Any CPU = Release|Any CPU
	EndGlobalSection
	GlobalSection(ProjectConfigurationPlatforms) = postSolution
		{9F76AD81-2475-4099-84A1-BF5B18AD967F}.Debug|Any CPU.ActiveCfg = Debug|Any CPU
		{9F76AD81-2475-4099-84A1-BF5B18AD967F}.Debug|Any CPU.Build.0 = Debug|Any CPU
		{9F76AD81-2475-4099-84A1-BF5B18AD967F}.Release|Any CPU.ActiveCfg = Release|Any CPU
		{9F76AD81-2475-4099-84A1-BF5B18AD967F}.Release|Any CPU.Build.0 = Release|Any CPU
	EndGlobalSection
	GlobalSection(SolutionProperties) = preSolution
		HideSolutionNode = FALSE
	EndGlobalSection
	GlobalSection(ExtensibilityGlobals) = postSolution
		SolutionGuid = {A4CA2BBF-F461-457D-8C91-8F06DEAA17C0}
	EndGlobalSection
EndGlobal
